
Microsoft Visual Studio Solution File, Format Version 12.00
# Visual Studio 14
VisualStudioVersion = 14.0.23107.0
MinimumVisualStudioVersion = 10.0.40219.1
Project("{FAE04EC0-301F-11D3-BF4B-00C04F79EFBC}") = "PrivatePhotoStorageXamarin", "PrivatePhotoStorageXamarin\PrivatePhotoStorageXamarin\PrivatePhotoStorageXamarin.csproj", "{9B3099FF-CAA0-4562-9E67-911D344FE320}"
EndProject
Project("{FAE04EC0-301F-11D3-BF4B-00C04F79EFBC}") = "PrivatePhotoStorageXamarin.iOS", "PrivatePhotoStorageXamarin\PrivatePhotoStorageXamarin.iOS\PrivatePhotoStorageXamarin.iOS.csproj", "{FDD1ADA1-6366-42AD-A535-5FA01A19234F}"
EndProject
Project("{FAE04EC0-301F-11D3-BF4B-00C04F79EFBC}") = "PrivatePhotoStorageXamarin.Droid", "PrivatePhotoStorageXamarin\PrivatePhotoStorageXamarin.Droid\PrivatePhotoStorageXamarin.Droid.csproj", "{DF1A8B37-37BB-4BAD-A5DD-EC32D6615314}"
EndProject
Project("{FAE04EC0-301F-11D3-BF4B-00C04F79EFBC}") = "PrivatePhotoStorageXamarin.WinPhone", "PrivatePhotoStorageXamarin\PrivatePhotoStorageXamarin.WinPhone\PrivatePhotoStorageXamarin.WinPhone.csproj", "{3FCE7ADD-12A2-4822-9F1C-A07545C2B9CC}"
EndProject
Global
	GlobalSection(SolutionConfigurationPlatforms) = preSolution
		Ad-Hoc|Any CPU = Ad-Hoc|Any CPU
		Ad-Hoc|ARM = Ad-Hoc|ARM
		Ad-Hoc|iPhone = Ad-Hoc|iPhone
		Ad-Hoc|iPhoneSimulator = Ad-Hoc|iPhoneSimulator
		Ad-Hoc|x86 = Ad-Hoc|x86
		AppStore|Any CPU = AppStore|Any CPU
		AppStore|ARM = AppStore|ARM
		AppStore|iPhone = AppStore|iPhone
		AppStore|iPhoneSimulator = AppStore|iPhoneSimulator
		AppStore|x86 = AppStore|x86
		Debug|Any CPU = Debug|Any CPU
		Debug|ARM = Debug|ARM
		Debug|iPhone = Debug|iPhone
		Debug|iPhoneSimulator = Debug|iPhoneSimulator
		Debug|x86 = Debug|x86
		Release|Any CPU = Release|Any CPU
		Release|ARM = Release|ARM
		Release|iPhone = Release|iPhone
		Release|iPhoneSimulator = Release|iPhoneSimulator
		Release|x86 = Release|x86
	EndGlobalSection
	GlobalSection(ProjectConfigurationPlatforms) = postSolution
		{9B3099FF-CAA0-4562-9E67-911D344FE320}.Ad-Hoc|Any CPU.ActiveCfg = Release|Any CPU
		{9B3099FF-CAA0-4562-9E67-911D344FE320}.Ad-Hoc|Any CPU.Build.0 = Release|Any CPU
		{9B3099FF-CAA0-4562-9E67-911D344FE320}.Ad-Hoc|ARM.ActiveCfg = Release|Any CPU
		{9B3099FF-CAA0-4562-9E67-911D344FE320}.Ad-Hoc|ARM.Build.0 = Release|Any CPU
		{9B3099FF-CAA0-4562-9E67-911D344FE320}.Ad-Hoc|iPhone.ActiveCfg = Release|Any CPU
		{9B3099FF-CAA0-4562-9E67-911D344FE320}.Ad-Hoc|iPhone.Build.0 = Release|Any CPU
		{9B3099FF-CAA0-4562-9E67-911D344FE320}.Ad-Hoc|iPhoneSimulator.ActiveCfg = Release|Any CPU
		{9B3099FF-CAA0-4562-9E67-911D344FE320}.Ad-Hoc|iPhoneSimulator.Build.0 = Release|Any CPU
		{9B3099FF-CAA0-4562-9E67-911D344FE320}.Ad-Hoc|x86.ActiveCfg = Release|Any CPU
		{9B3099FF-CAA0-4562-9E67-911D344FE320}.Ad-Hoc|x86.Build.0 = Release|Any CPU
		{9B3099FF-CAA0-4562-9E67-911D344FE320}.AppStore|Any CPU.ActiveCfg = Release|Any CPU
		{9B3099FF-CAA0-4562-9E67-911D344FE320}.AppStore|Any CPU.Build.0 = Release|Any CPU
		{9B3099FF-CAA0-4562-9E67-911D344FE320}.AppStore|ARM.ActiveCfg = Release|Any CPU
		{9B3099FF-CAA0-4562-9E67-911D344FE320}.AppStore|ARM.Build.0 = Release|Any CPU
		{9B3099FF-CAA0-4562-9E67-911D344FE320}.AppStore|iPhone.ActiveCfg = Release|Any CPU
		{9B3099FF-CAA0-4562-9E67-911D344FE320}.AppStore|iPhone.Build.0 = Release|Any CPU
		{9B3099FF-CAA0-4562-9E67-911D344FE320}.AppStore|iPhoneSimulator.ActiveCfg = Release|Any CPU
		{9B3099FF-CAA0-4562-9E67-911D344FE320}.AppStore|iPhoneSimulator.Build.0 = Release|Any CPU
		{9B3099FF-CAA0-4562-9E67-911D344FE320}.AppStore|x86.ActiveCfg = Release|Any CPU
		{9B3099FF-CAA0-4562-9E67-911D344FE320}.AppStore|x86.Build.0 = Release|Any CPU
		{9B3099FF-CAA0-4562-9E67-911D344FE320}.Debug|Any CPU.ActiveCfg = Debug|Any CPU
		{9B3099FF-CAA0-4562-9E67-911D344FE320}.Debug|Any CPU.Build.0 = Debug|Any CPU
		{9B3099FF-CAA0-4562-9E67-911D344FE320}.Debug|ARM.ActiveCfg = Debug|Any CPU
		{9B3099FF-CAA0-4562-9E67-911D344FE320}.Debug|ARM.Build.0 = Debug|Any CPU
		{9B3099FF-CAA0-4562-9E67-911D344FE320}.Debug|iPhone.ActiveCfg = Debug|Any CPU
		{9B3099FF-CAA0-4562-9E67-911D344FE320}.Debug|iPhone.Build.0 = Debug|Any CPU
		{9B3099FF-CAA0-4562-9E67-911D344FE320}.Debug|iPhoneSimulator.ActiveCfg = Debug|Any CPU
		{9B3099FF-CAA0-4562-9E67-911D344FE320}.Debug|iPhoneSimulator.Build.0 = Debug|Any CPU
		{9B3099FF-CAA0-4562-9E67-911D344FE320}.Debug|x86.ActiveCfg = Debug|Any CPU
		{9B3099FF-CAA0-4562-9E67-911D344FE320}.Debug|x86.Build.0 = Debug|Any CPU
		{9B3099FF-CAA0-4562-9E67-911D344FE320}.Release|Any CPU.ActiveCfg = Release|Any CPU
		{9B3099FF-CAA0-4562-9E67-911D344FE320}.Release|Any CPU.Build.0 = Release|Any CPU
		{9B3099FF-CAA0-4562-9E67-911D344FE320}.Release|ARM.ActiveCfg = Release|Any CPU
		{9B3099FF-CAA0-4562-9E67-911D344FE320}.Release|ARM.Build.0 = Release|Any CPU
		{9B3099FF-CAA0-4562-9E67-911D344FE320}.Release|iPhone.ActiveCfg = Release|Any CPU
		{9B3099FF-CAA0-4562-9E67-911D344FE320}.Release|iPhone.Build.0 = Release|Any CPU
		{9B3099FF-CAA0-4562-9E67-911D344FE320}.Release|iPhoneSimulator.ActiveCfg = Release|Any CPU
		{9B3099FF-CAA0-4562-9E67-911D344FE320}.Release|iPhoneSimulator.Build.0 = Release|Any CPU
		{9B3099FF-CAA0-4562-9E67-911D344FE320}.Release|x86.ActiveCfg = Release|Any CPU
		{9B3099FF-CAA0-4562-9E67-911D344FE320}.Release|x86.Build.0 = Release|Any CPU
		{FDD1ADA1-6366-42AD-A535-5FA01A19234F}.Ad-Hoc|Any CPU.ActiveCfg = Ad-Hoc|iPhone
		{FDD1ADA1-6366-42AD-A535-5FA01A19234F}.Ad-Hoc|ARM.ActiveCfg = Ad-Hoc|iPhone
		{FDD1ADA1-6366-42AD-A535-5FA01A19234F}.Ad-Hoc|iPhone.ActiveCfg = Ad-Hoc|iPhone
		{FDD1ADA1-6366-42AD-A535-5FA01A19234F}.Ad-Hoc|iPhone.Build.0 = Ad-Hoc|iPhone
		{FDD1ADA1-6366-42AD-A535-5FA01A19234F}.Ad-Hoc|iPhoneSimulator.ActiveCfg = Ad-Hoc|iPhoneSimulator
		{FDD1ADA1-6366-42AD-A535-5FA01A19234F}.Ad-Hoc|iPhoneSimulator.Build.0 = Ad-Hoc|iPhoneSimulator
		{FDD1ADA1-6366-42AD-A535-5FA01A19234F}.Ad-Hoc|x86.ActiveCfg = Ad-Hoc|iPhone
		{FDD1ADA1-6366-42AD-A535-5FA01A19234F}.AppStore|Any CPU.ActiveCfg = AppStore|iPhone
		{FDD1ADA1-6366-42AD-A535-5FA01A19234F}.AppStore|ARM.ActiveCfg = AppStore|iPhone
		{FDD1ADA1-6366-42AD-A535-5FA01A19234F}.AppStore|iPhone.ActiveCfg = AppStore|iPhone
		{FDD1ADA1-6366-42AD-A535-5FA01A19234F}.AppStore|iPhone.Build.0 = AppStore|iPhone
		{FDD1ADA1-6366-42AD-A535-5FA01A19234F}.AppStore|iPhoneSimulator.ActiveCfg = AppStore|iPhoneSimulator
		{FDD1ADA1-6366-42AD-A535-5FA01A19234F}.AppStore|iPhoneSimulator.Build.0 = AppStore|iPhoneSimulator
		{FDD1ADA1-6366-42AD-A535-5FA01A19234F}.AppStore|x86.ActiveCfg = AppStore|iPhone
		{FDD1ADA1-6366-42AD-A535-5FA01A19234F}.Debug|Any CPU.ActiveCfg = Debug|iPhone
		{FDD1ADA1-6366-42AD-A535-5FA01A19234F}.Debug|Any CPU.Build.0 = Debug|iPhone
		{FDD1ADA1-6366-42AD-A535-5FA01A19234F}.Debug|ARM.ActiveCfg = Debug|iPhone
		{FDD1ADA1-6366-42AD-A535-5FA01A19234F}.Debug|iPhone.ActiveCfg = Debug|iPhone
		{FDD1ADA1-6366-42AD-A535-5FA01A19234F}.Debug|iPhone.Build.0 = Debug|iPhone
		{FDD1ADA1-6366-42AD-A535-5FA01A19234F}.Debug|iPhoneSimulator.ActiveCfg = Debug|iPhoneSimulator
		{FDD1ADA1-6366-42AD-A535-5FA01A19234F}.Debug|iPhoneSimulator.Build.0 = Debug|iPhoneSimulator
		{FDD1ADA1-6366-42AD-A535-5FA01A19234F}.Debug|x86.ActiveCfg = Debug|iPhone
		{FDD1ADA1-6366-42AD-A535-5FA01A19234F}.Release|Any CPU.ActiveCfg = Release|iPhone
		{FDD1ADA1-6366-42AD-A535-5FA01A19234F}.Release|ARM.ActiveCfg = Release|iPhone
		{FDD1ADA1-6366-42AD-A535-5FA01A19234F}.Release|iPhone.ActiveCfg = Release|iPhone
		{FDD1ADA1-6366-42AD-A535-5FA01A19234F}.Release|iPhone.Build.0 = Release|iPhone
		{FDD1ADA1-6366-42AD-A535-5FA01A19234F}.Release|iPhoneSimulator.ActiveCfg = Release|iPhoneSimulator
		{FDD1ADA1-6366-42AD-A535-5FA01A19234F}.Release|iPhoneSimulator.Build.0 = Release|iPhoneSimulator
		{FDD1ADA1-6366-42AD-A535-5FA01A19234F}.Release|x86.ActiveCfg = Release|iPhone
		{DF1A8B37-37BB-4BAD-A5DD-EC32D6615314}.Ad-Hoc|Any CPU.ActiveCfg = Release|Any CPU
		{DF1A8B37-37BB-4BAD-A5DD-EC32D6615314}.Ad-Hoc|Any CPU.Build.0 = Release|Any CPU
		{DF1A8B37-37BB-4BAD-A5DD-EC32D6615314}.Ad-Hoc|Any CPU.Deploy.0 = Release|Any CPU
		{DF1A8B37-37BB-4BAD-A5DD-EC32D6615314}.Ad-Hoc|ARM.ActiveCfg = Release|Any CPU
		{DF1A8B37-37BB-4BAD-A5DD-EC32D6615314}.Ad-Hoc|ARM.Build.0 = Release|Any CPU
		{DF1A8B37-37BB-4BAD-A5DD-EC32D6615314}.Ad-Hoc|ARM.Deploy.0 = Release|Any CPU
		{DF1A8B37-37BB-4BAD-A5DD-EC32D6615314}.Ad-Hoc|iPhone.ActiveCfg = Release|Any CPU
		{DF1A8B37-37BB-4BAD-A5DD-EC32D6615314}.Ad-Hoc|iPhone.Build.0 = Release|Any CPU
		{DF1A8B37-37BB-4BAD-A5DD-EC32D6615314}.Ad-Hoc|iPhone.Deploy.0 = Release|Any CPU
		{DF1A8B37-37BB-4BAD-A5DD-EC32D6615314}.Ad-Hoc|iPhoneSimulator.ActiveCfg = Release|Any CPU
		{DF1A8B37-37BB-4BAD-A5DD-EC32D6615314}.Ad-Hoc|iPhoneSimulator.Build.0 = Release|Any CPU
		{DF1A8B37-37BB-4BAD-A5DD-EC32D6615314}.Ad-Hoc|iPhoneSimulator.Deploy.0 = Release|Any CPU
		{DF1A8B37-37BB-4BAD-A5DD-EC32D6615314}.Ad-Hoc|x86.ActiveCfg = Release|Any CPU
		{DF1A8B37-37BB-4BAD-A5DD-EC32D6615314}.Ad-Hoc|x86.Build.0 = Release|Any CPU
		{DF1A8B37-37BB-4BAD-A5DD-EC32D6615314}.Ad-Hoc|x86.Deploy.0 = Release|Any CPU
		{DF1A8B37-37BB-4BAD-A5DD-EC32D6615314}.AppStore|Any CPU.ActiveCfg = Release|Any CPU
		{DF1A8B37-37BB-4BAD-A5DD-EC32D6615314}.AppStore|Any CPU.Build.0 = Release|Any CPU
		{DF1A8B37-37BB-4BAD-A5DD-EC32D6615314}.AppStore|Any CPU.Deploy.0 = Release|Any CPU
		{DF1A8B37-37BB-4BAD-A5DD-EC32D6615314}.AppStore|ARM.ActiveCfg = Release|Any CPU
		{DF1A8B37-37BB-4BAD-A5DD-EC32D6615314}.AppStore|ARM.Build.0 = Release|Any CPU
		{DF1A8B37-37BB-4BAD-A5DD-EC32D6615314}.AppStore|ARM.Deploy.0 = Release|Any CPU
		{DF1A8B37-37BB-4BAD-A5DD-EC32D6615314}.AppStore|iPhone.ActiveCfg = Release|Any CPU
		{DF1A8B37-37BB-4BAD-A5DD-EC32D6615314}.AppStore|iPhone.Build.0 = Release|Any CPU
		{DF1A8B37-37BB-4BAD-A5DD-EC32D6615314}.AppStore|iPhone.Deploy.0 = Release|Any CPU
		{DF1A8B37-37BB-4BAD-A5DD-EC32D6615314}.AppStore|iPhoneSimulator.ActiveCfg = Release|Any CPU
		{DF1A8B37-37BB-4BAD-A5DD-EC32D6615314}.AppStore|iPhoneSimulator.Build.0 = Release|Any CPU
		{DF1A8B37-37BB-4BAD-A5DD-EC32D6615314}.AppStore|iPhoneSimulator.Deploy.0 = Release|Any CPU
		{DF1A8B37-37BB-4BAD-A5DD-EC32D6615314}.AppStore|x86.ActiveCfg = Release|Any CPU
		{DF1A8B37-37BB-4BAD-A5DD-EC32D6615314}.AppStore|x86.Build.0 = Release|Any CPU
		{DF1A8B37-37BB-4BAD-A5DD-EC32D6615314}.AppStore|x86.Deploy.0 = Release|Any CPU
		{DF1A8B37-37BB-4BAD-A5DD-EC32D6615314}.Debug|Any CPU.ActiveCfg = Debug|Any CPU
		{DF1A8B37-37BB-4BAD-A5DD-EC32D6615314}.Debug|ARM.ActiveCfg = Debug|Any CPU
		{DF1A8B37-37BB-4BAD-A5DD-EC32D6615314}.Debug|ARM.Build.0 = Debug|Any CPU
		{DF1A8B37-37BB-4BAD-A5DD-EC32D6615314}.Debug|ARM.Deploy.0 = Debug|Any CPU
		{DF1A8B37-37BB-4BAD-A5DD-EC32D6615314}.Debug|iPhone.ActiveCfg = Debug|Any CPU
		{DF1A8B37-37BB-4BAD-A5DD-EC32D6615314}.Debug|iPhone.Build.0 = Debug|Any CPU
		{DF1A8B37-37BB-4BAD-A5DD-EC32D6615314}.Debug|iPhone.Deploy.0 = Debug|Any CPU
		{DF1A8B37-37BB-4BAD-A5DD-EC32D6615314}.Debug|iPhoneSimulator.ActiveCfg = Debug|Any CPU
		{DF1A8B37-37BB-4BAD-A5DD-EC32D6615314}.Debug|iPhoneSimulator.Build.0 = Debug|Any CPU
		{DF1A8B37-37BB-4BAD-A5DD-EC32D6615314}.Debug|iPhoneSimulator.Deploy.0 = Debug|Any CPU
		{DF1A8B37-37BB-4BAD-A5DD-EC32D6615314}.Debug|x86.ActiveCfg = Debug|Any CPU
		{DF1A8B37-37BB-4BAD-A5DD-EC32D6615314}.Debug|x86.Build.0 = Debug|Any CPU
		{DF1A8B37-37BB-4BAD-A5DD-EC32D6615314}.Debug|x86.Deploy.0 = Debug|Any CPU
		{DF1A8B37-37BB-4BAD-A5DD-EC32D6615314}.Release|Any CPU.ActiveCfg = Release|Any CPU
		{DF1A8B37-37BB-4BAD-A5DD-EC32D6615314}.Release|Any CPU.Build.0 = Release|Any CPU
		{DF1A8B37-37BB-4BAD-A5DD-EC32D6615314}.Release|Any CPU.Deploy.0 = Release|Any CPU
		{DF1A8B37-37BB-4BAD-A5DD-EC32D6615314}.Release|ARM.ActiveCfg = Release|Any CPU
		{DF1A8B37-37BB-4BAD-A5DD-EC32D6615314}.Release|ARM.Build.0 = Release|Any CPU
		{DF1A8B37-37BB-4BAD-A5DD-EC32D6615314}.Release|ARM.Deploy.0 = Release|Any CPU
		{DF1A8B37-37BB-4BAD-A5DD-EC32D6615314}.Release|iPhone.ActiveCfg = Release|Any CPU
		{DF1A8B37-37BB-4BAD-A5DD-EC32D6615314}.Release|iPhone.Build.0 = Release|Any CPU
		{DF1A8B37-37BB-4BAD-A5DD-EC32D6615314}.Release|iPhone.Deploy.0 = Release|Any CPU
		{DF1A8B37-37BB-4BAD-A5DD-EC32D6615314}.Release|iPhoneSimulator.ActiveCfg = Release|Any CPU
		{DF1A8B37-37BB-4BAD-A5DD-EC32D6615314}.Release|iPhoneSimulator.Build.0 = Release|Any CPU
		{DF1A8B37-37BB-4BAD-A5DD-EC32D6615314}.Release|iPhoneSimulator.Deploy.0 = Release|Any CPU
		{DF1A8B37-37BB-4BAD-A5DD-EC32D6615314}.Release|x86.ActiveCfg = Release|Any CPU
		{DF1A8B37-37BB-4BAD-A5DD-EC32D6615314}.Release|x86.Build.0 = Release|Any CPU
		{DF1A8B37-37BB-4BAD-A5DD-EC32D6615314}.Release|x86.Deploy.0 = Release|Any CPU
		{3FCE7ADD-12A2-4822-9F1C-A07545C2B9CC}.Ad-Hoc|Any CPU.ActiveCfg = Release|Any CPU
		{3FCE7ADD-12A2-4822-9F1C-A07545C2B9CC}.Ad-Hoc|Any CPU.Build.0 = Release|Any CPU
		{3FCE7ADD-12A2-4822-9F1C-A07545C2B9CC}.Ad-Hoc|Any CPU.Deploy.0 = Release|Any CPU
		{3FCE7ADD-12A2-4822-9F1C-A07545C2B9CC}.Ad-Hoc|ARM.ActiveCfg = Release|ARM
		{3FCE7ADD-12A2-4822-9F1C-A07545C2B9CC}.Ad-Hoc|ARM.Build.0 = Release|ARM
		{3FCE7ADD-12A2-4822-9F1C-A07545C2B9CC}.Ad-Hoc|ARM.Deploy.0 = Release|ARM
		{3FCE7ADD-12A2-4822-9F1C-A07545C2B9CC}.Ad-Hoc|iPhone.ActiveCfg = Release|Any CPU
		{3FCE7ADD-12A2-4822-9F1C-A07545C2B9CC}.Ad-Hoc|iPhone.Build.0 = Release|Any CPU
		{3FCE7ADD-12A2-4822-9F1C-A07545C2B9CC}.Ad-Hoc|iPhone.Deploy.0 = Release|Any CPU
		{3FCE7ADD-12A2-4822-9F1C-A07545C2B9CC}.Ad-Hoc|iPhoneSimulator.ActiveCfg = Release|Any CPU
		{3FCE7ADD-12A2-4822-9F1C-A07545C2B9CC}.Ad-Hoc|iPhoneSimulator.Build.0 = Release|Any CPU
		{3FCE7ADD-12A2-4822-9F1C-A07545C2B9CC}.Ad-Hoc|iPhoneSimulator.Deploy.0 = Release|Any CPU
		{3FCE7ADD-12A2-4822-9F1C-A07545C2B9CC}.Ad-Hoc|x86.ActiveCfg = Release|x86
		{3FCE7ADD-12A2-4822-9F1C-A07545C2B9CC}.Ad-Hoc|x86.Build.0 = Release|x86
		{3FCE7ADD-12A2-4822-9F1C-A07545C2B9CC}.Ad-Hoc|x86.Deploy.0 = Release|x86
		{3FCE7ADD-12A2-4822-9F1C-A07545C2B9CC}.AppStore|Any CPU.ActiveCfg = Release|Any CPU
		{3FCE7ADD-12A2-4822-9F1C-A07545C2B9CC}.AppStore|Any CPU.Build.0 = Release|Any CPU
		{3FCE7ADD-12A2-4822-9F1C-A07545C2B9CC}.AppStore|Any CPU.Deploy.0 = Release|Any CPU
		{3FCE7ADD-12A2-4822-9F1C-A07545C2B9CC}.AppStore|ARM.ActiveCfg = Release|ARM
		{3FCE7ADD-12A2-4822-9F1C-A07545C2B9CC}.AppStore|ARM.Build.0 = Release|ARM
		{3FCE7ADD-12A2-4822-9F1C-A07545C2B9CC}.AppStore|ARM.Deploy.0 = Release|ARM
		{3FCE7ADD-12A2-4822-9F1C-A07545C2B9CC}.AppStore|iPhone.ActiveCfg = Release|Any CPU
		{3FCE7ADD-12A2-4822-9F1C-A07545C2B9CC}.AppStore|iPhone.Build.0 = Release|Any CPU
		{3FCE7ADD-12A2-4822-9F1C-A07545C2B9CC}.AppStore|iPhone.Deploy.0 = Release|Any CPU
		{3FCE7ADD-12A2-4822-9F1C-A07545C2B9CC}.AppStore|iPhoneSimulator.ActiveCfg = Release|Any CPU
		{3FCE7ADD-12A2-4822-9F1C-A07545C2B9CC}.AppStore|iPhoneSimulator.Build.0 = Release|Any CPU
		{3FCE7ADD-12A2-4822-9F1C-A07545C2B9CC}.AppStore|iPhoneSimulator.Deploy.0 = Release|Any CPU
		{3FCE7ADD-12A2-4822-9F1C-A07545C2B9CC}.AppStore|x86.ActiveCfg = Release|x86
		{3FCE7ADD-12A2-4822-9F1C-A07545C2B9CC}.AppStore|x86.Build.0 = Release|x86
		{3FCE7ADD-12A2-4822-9F1C-A07545C2B9CC}.AppStore|x86.Deploy.0 = Release|x86
		{3FCE7ADD-12A2-4822-9F1C-A07545C2B9CC}.Debug|Any CPU.ActiveCfg = Debug|Any CPU
		{3FCE7ADD-12A2-4822-9F1C-A07545C2B9CC}.Debug|ARM.ActiveCfg = Debug|ARM
		{3FCE7ADD-12A2-4822-9F1C-A07545C2B9CC}.Debug|ARM.Build.0 = Debug|ARM
		{3FCE7ADD-12A2-4822-9F1C-A07545C2B9CC}.Debug|ARM.Deploy.0 = Debug|ARM
		{3FCE7ADD-12A2-4822-9F1C-A07545C2B9CC}.Debug|iPhone.ActiveCfg = Debug|Any CPU
		{3FCE7ADD-12A2-4822-9F1C-A07545C2B9CC}.Debug|iPhone.Build.0 = Debug|Any CPU
		{3FCE7ADD-12A2-4822-9F1C-A07545C2B9CC}.Debug|iPhone.Deploy.0 = Debug|Any CPU
		{3FCE7ADD-12A2-4822-9F1C-A07545C2B9CC}.Debug|iPhoneSimulator.ActiveCfg = Debug|Any CPU
		{3FCE7ADD-12A2-4822-9F1C-A07545C2B9CC}.Debug|iPhoneSimulator.Build.0 = Debug|Any CPU
		{3FCE7ADD-12A2-4822-9F1C-A07545C2B9CC}.Debug|iPhoneSimulator.Deploy.0 = Debug|Any CPU
		{3FCE7ADD-12A2-4822-9F1C-A07545C2B9CC}.Debug|x86.ActiveCfg = Debug|x86
		{3FCE7ADD-12A2-4822-9F1C-A07545C2B9CC}.Debug|x86.Build.0 = Debug|x86
		{3FCE7ADD-12A2-4822-9F1C-A07545C2B9CC}.Debug|x86.Deploy.0 = Debug|x86
		{3FCE7ADD-12A2-4822-9F1C-A07545C2B9CC}.Release|Any CPU.ActiveCfg = Release|Any CPU
		{3FCE7ADD-12A2-4822-9F1C-A07545C2B9CC}.Release|Any CPU.Build.0 = Release|Any CPU
		{3FCE7ADD-12A2-4822-9F1C-A07545C2B9CC}.Release|Any CPU.Deploy.0 = Release|Any CPU
		{3FCE7ADD-12A2-4822-9F1C-A07545C2B9CC}.Release|ARM.ActiveCfg = Release|ARM
		{3FCE7ADD-12A2-4822-9F1C-A07545C2B9CC}.Release|ARM.Build.0 = Release|ARM
		{3FCE7ADD-12A2-4822-9F1C-A07545C2B9CC}.Release|ARM.Deploy.0 = Release|ARM
		{3FCE7ADD-12A2-4822-9F1C-A07545C2B9CC}.Release|iPhone.ActiveCfg = Release|Any CPU
		{3FCE7ADD-12A2-4822-9F1C-A07545C2B9CC}.Release|iPhone.Build.0 = Release|Any CPU
		{3FCE7ADD-12A2-4822-9F1C-A07545C2B9CC}.Release|iPhone.Deploy.0 = Release|Any CPU
		{3FCE7ADD-12A2-4822-9F1C-A07545C2B9CC}.Release|iPhoneSimulator.ActiveCfg = Release|Any CPU
		{3FCE7ADD-12A2-4822-9F1C-A07545C2B9CC}.Release|iPhoneSimulator.Build.0 = Release|Any CPU
		{3FCE7ADD-12A2-4822-9F1C-A07545C2B9CC}.Release|iPhoneSimulator.Deploy.0 = Release|Any CPU
		{3FCE7ADD-12A2-4822-9F1C-A07545C2B9CC}.Release|x86.ActiveCfg = Release|x86
		{3FCE7ADD-12A2-4822-9F1C-A07545C2B9CC}.Release|x86.Build.0 = Release|x86
		{3FCE7ADD-12A2-4822-9F1C-A07545C2B9CC}.Release|x86.Deploy.0 = Release|x86
	EndGlobalSection
	GlobalSection(SolutionProperties) = preSolution
		HideSolutionNode = FALSE
	EndGlobalSection
EndGlobal
